
Microsoft Visual Studio Solution File, Format Version 12.00
# Visual Studio Version 17
VisualStudioVersion = 17.9.34622.214
MinimumVisualStudioVersion = 10.0.40219.1
Project("{FAE04EC0-301F-11D3-BF4B-00C04F79EFBC}") = "lab14_files", "lab14_files\lab14_files.csproj", "{7BB44373-84D0-4110-89D4-6A22EF2918F3}"
EndProject
Global
	GlobalSection(SolutionConfigurationPlatforms) = preSolution
		Debug|Any CPU = Debug|Any CPU
		Release|Any CPU = Release|Any CPU
	EndGlobalSection
	GlobalSection(ProjectConfigurationPlatforms) = postSolution
		{7BB44373-84D0-4110-89D4-6A22EF2918F3}.Debug|Any CPU.ActiveCfg = Debug|Any CPU
		{7BB44373-84D0-4110-89D4-6A22EF2918F3}.Debug|Any CPU.Build.0 = Debug|Any CPU
		{7BB44373-84D0-4110-89D4-6A22EF2918F3}.Release|Any CPU.ActiveCfg = Release|Any CPU
		{7BB44373-84D0-4110-89D4-6A22EF2918F3}.Release|Any CPU.Build.0 = Release|Any CPU
	EndGlobalSection
	GlobalSection(SolutionProperties) = preSolution
		HideSolutionNode = FALSE
	EndGlobalSection
	GlobalSection(ExtensibilityGlobals) = postSolution
		SolutionGuid = {B1606CEF-7315-48A7-B136-3EB0A5C1502B}
	EndGlobalSection
EndGlobal
